
Microsoft Visual Studio Solution File, Format Version 12.00
Project("{FAE04EC0-301F-11D3-BF4B-00C04F79EFBC}") = "Optimization", "Optimization\Optimization.csproj", "{BCC630D6-D74D-4E6C-A6E7-3F10F53E3474}"
EndProject
Global
	GlobalSection(SolutionConfigurationPlatforms) = preSolution
		Debug|Any CPU = Debug|Any CPU
		Release|Any CPU = Release|Any CPU
	EndGlobalSection
	GlobalSection(ProjectConfigurationPlatforms) = postSolution
		{BCC630D6-D74D-4E6C-A6E7-3F10F53E3474}.Debug|Any CPU.ActiveCfg = Debug|Any CPU
		{BCC630D6-D74D-4E6C-A6E7-3F10F53E3474}.Debug|Any CPU.Build.0 = Debug|Any CPU
		{BCC630D6-D74D-4E6C-A6E7-3F10F53E3474}.Release|Any CPU.ActiveCfg = Release|Any CPU
		{BCC630D6-D74D-4E6C-A6E7-3F10F53E3474}.Release|Any CPU.Build.0 = Release|Any CPU
	EndGlobalSection
EndGlobal
